
Microsoft Visual Studio Solution File, Format Version 12.00
# Visual Studio Version 17
VisualStudioVersion = 17.9.34728.123
MinimumVisualStudioVersion = 10.0.40219.1
Project("{FAE04EC0-301F-11D3-BF4B-00C04F79EFBC}") = "Bookworm-Society-API", "Bookworm-Society-API\Bookworm-Society-API.csproj", "{2C2DA4B6-D758-4B0A-B581-81CC9B4954CA}"
EndProject
Global
	GlobalSection(SolutionConfigurationPlatforms) = preSolution
		Debug|Any CPU = Debug|Any CPU
		Release|Any CPU = Release|Any CPU
	EndGlobalSection
	GlobalSection(ProjectConfigurationPlatforms) = postSolution
		{2C2DA4B6-D758-4B0A-B581-81CC9B4954CA}.Debug|Any CPU.ActiveCfg = Debug|Any CPU
		{2C2DA4B6-D758-4B0A-B581-81CC9B4954CA}.Debug|Any CPU.Build.0 = Debug|Any CPU
		{2C2DA4B6-D758-4B0A-B581-81CC9B4954CA}.Release|Any CPU.ActiveCfg = Release|Any CPU
		{2C2DA4B6-D758-4B0A-B581-81CC9B4954CA}.Release|Any CPU.Build.0 = Release|Any CPU
	EndGlobalSection
	GlobalSection(SolutionProperties) = preSolution
		HideSolutionNode = FALSE
	EndGlobalSection
	GlobalSection(ExtensibilityGlobals) = postSolution
		SolutionGuid = {15DA068B-376E-4106-A499-732F795BED99}
	EndGlobalSection
EndGlobal
